<?xml version="1.0" encoding="utf-8"?>
<Project ToolsVersion="4.0" xmlns="http://schemas.microsoft.com/developer/msbuild/2003">
  <ItemGroup>
    <Filter Include="Source Files">
      <UniqueIdentifier>{4FC737F1-C7A5-4376-A066-2A32D752A2FF}</UniqueIdentifier>
      <Extensions>cpp;c;cc;cxx;def;odl;idl;hpj;bat;asm;asmx</Extensions>
    </Filter>
    <Filter Include="Header Files">
      <UniqueIdentifier>{93995380-89BD-4b04-88EB-625FBE52EBFB}</UniqueIdentifier>
      <Extensions>h;hh;hpp;hxx;hm;inl;inc;ipp;xsd</Extensions>
    </Filter>
    <Filter Include="Resource Files">
      <UniqueIdentifier>{67DA6AB6-F800-4c08-8B7A-83BB121AAD01}</UniqueIdentifier>
      <Extensions>rc;ico;cur;bmp;dlg;rc2;rct;bin;rgs;gif;jpg;jpeg;jpe;resx;tiff;tif;png;wav;mfcribbon-ms</Extensions>
    </Filter>
    <Filter Include="Main">
      <UniqueIdentifier>{0d12d7d1-0b44-4e11-8d40-384a198bfd76}</UniqueIdentifier>
    </Filter>
    <Filter Include="Engine">
      <UniqueIdentifier>{b24a35de-62d5-4d1d-813e-f6f217c3ed02}</UniqueIdentifier>
    </Filter>
    <Filter Include="#Ball">
      <UniqueIdentifier>{53e5b6c5-8504-4f29-b45c-142ce50fdc0a}</UniqueIdentifier>
    </Filter>
    <Filter Include="#Ball\Ball">
      <UniqueIdentifier>{0a1a51dd-02c9-41b3-8813-d5dd06b4bfc3}</UniqueIdentifier>
    </Filter>
    <Filter Include="#Ball\Ball_Set">
      <UniqueIdentifier>{c01e798a-1d6b-419f-9b37-e8fdbb5e3d42}</UniqueIdentifier>
    </Filter>
    <Filter Include="#Laser_Beam">
      <UniqueIdentifier>{1530fb5b-9b2a-4938-9197-40b32635fbc8}</UniqueIdentifier>
    </Filter>
    <Filter Include="#Laser_Beam\Laser_Beam">
      <UniqueIdentifier>{7f5d7970-747f-4935-a0ef-fb5f2e2ce12a}</UniqueIdentifier>
    </Filter>
    <Filter Include="#Laser_Beam\Laser_Beam_Set">
      <UniqueIdentifier>{600e0e96-9fca-4084-ba37-565b2b22b6c4}</UniqueIdentifier>
    </Filter>
    <Filter Include="#Platform">
      <UniqueIdentifier>{239a941e-6a23-4a8f-9c65-a9870c12dcbd}</UniqueIdentifier>
    </Filter>
    <Filter Include="#Platform\Platform">
      <UniqueIdentifier>{f46bcbda-2b63-48da-b5a7-24cc56636b49}</UniqueIdentifier>
    </Filter>
    <Filter Include="#Platform\Platform_Expanding">
      <UniqueIdentifier>{4281aa15-998d-4926-9711-4ecc3a982e31}</UniqueIdentifier>
    </Filter>
    <Filter Include="#Platform\Platform_Glue">
      <UniqueIdentifier>{84a7e3b7-cfbe-45ec-b4d3-3338c6b8ff85}</UniqueIdentifier>
    </Filter>
    <Filter Include="#Platform\Platform_Laser">
      <UniqueIdentifier>{0a14c75c-6c13-4fca-8e99-93e53524757f}</UniqueIdentifier>
    </Filter>
    <Filter Include="#Platform\Platform_State">
      <UniqueIdentifier>{1df804a9-d803-49f0-988b-148bd4e88a44}</UniqueIdentifier>
    </Filter>
    <Filter Include="#Tools">
      <UniqueIdentifier>{79b9c1d6-0c7d-4e63-b452-d12cac111f42}</UniqueIdentifier>
    </Filter>
    <Filter Include="#Tools\Config">
      <UniqueIdentifier>{dcace0bd-c5f0-477e-b476-d27bedb5c4d4}</UniqueIdentifier>
    </Filter>
    <Filter Include="#Border">
      <UniqueIdentifier>{2ca10b4d-6740-4cff-9a76-b722a211c353}</UniqueIdentifier>
    </Filter>
    <Filter Include="#Border\Border">
      <UniqueIdentifier>{ec2bdb4a-f2d2-42c8-9e82-42aa18d77e9b}</UniqueIdentifier>
    </Filter>
    <Filter Include="#Border\Gate">
      <UniqueIdentifier>{1abfbe7d-347c-4a65-951f-be337b15db7f}</UniqueIdentifier>
    </Filter>
    <Filter Include="#Tools\Common">
      <UniqueIdentifier>{2e4b5c04-a9b7-4a34-b2a7-393116333136}</UniqueIdentifier>
    </Filter>
    <Filter Include="#Monster">
      <UniqueIdentifier>{6d5fab40-66f1-4de3-b36e-4b4b825d7e92}</UniqueIdentifier>
    </Filter>
    <Filter Include="#Monster\Monster_Set">
      <UniqueIdentifier>{6fbb32a1-011f-452c-b08d-5851e6002be1}</UniqueIdentifier>
    </Filter>
    <Filter Include="#Monster\Explosive_Ball">
      <UniqueIdentifier>{c29511e3-d306-46f4-8826-0e6e39e3a0fd}</UniqueIdentifier>
    </Filter>
    <Filter Include="#Monster\Monster">
      <UniqueIdentifier>{4c243150-e3dd-404d-9d8f-06a9bcab3436}</UniqueIdentifier>
    </Filter>
    <Filter Include="#Screen">
      <UniqueIdentifier>{82a5cf1a-9ba0-4f5b-8fe5-32b54e76a9f4}</UniqueIdentifier>
    </Filter>
    <Filter Include="#Screen\Info_Panel">
      <UniqueIdentifier>{c126d874-121e-4d40-afbc-c7e923dea2f2}</UniqueIdentifier>
    </Filter>
    <Filter Include="#Screen\Falling_Letter">
      <UniqueIdentifier>{0dc409e3-edc9-457f-91aa-50ab8ad1db95}</UniqueIdentifier>
    </Filter>
    <Filter Include="#Screen\Active_Brick">
      <UniqueIdentifier>{99200cc5-3a84-46ad-94d4-592be3e929c9}</UniqueIdentifier>
    </Filter>
    <Filter Include="#Screen\Indicator">
      <UniqueIdentifier>{ef732415-7ecd-4f6c-9de5-b214e3b3b8d7}</UniqueIdentifier>
    </Filter>
    <Filter Include="#Mop">
      <UniqueIdentifier>{ef77e1ac-14ac-41de-bd0e-cff9f2d01b73}</UniqueIdentifier>
    </Filter>
    <Filter Include="#Mop\Mop">
      <UniqueIdentifier>{b5893183-b0eb-4e79-81d1-ddb0b4fc73f3}</UniqueIdentifier>
    </Filter>
    <Filter Include="#Mop\Mop_Indicator">
      <UniqueIdentifier>{f52e26e5-552e-42fd-9f8c-37d290e654c1}</UniqueIdentifier>
    </Filter>
    <Filter Include="#Mop\Mop_Cylinder">
      <UniqueIdentifier>{261c78ac-78d7-4ae1-8914-6b0965e8ec56}</UniqueIdentifier>
    </Filter>
    <Filter Include="#Monster\Explosion">
      <UniqueIdentifier>{06e971af-f658-473e-bd7a-3a8ca1a9a0e3}</UniqueIdentifier>
    </Filter>
    <Filter Include="#Screen\Label">
      <UniqueIdentifier>{c9ee266a-a4f7-42a3-b3de-f595684e2183}</UniqueIdentifier>
    </Filter>
    <Filter Include="#Screen\Final_Letter">
      <UniqueIdentifier>{8d5b0f2c-120d-4870-a040-978f7763b92e}</UniqueIdentifier>
    </Filter>
    <Filter Include="#Screen\Game_Title">
      <UniqueIdentifier>{b316b0f0-c9f1-4ee3-8aea-ec46948debd1}</UniqueIdentifier>
    </Filter>
    <Filter Include="#Level">
      <UniqueIdentifier>{9c471ac3-6a7a-4fe5-81ea-f2b72350eea1}</UniqueIdentifier>
    </Filter>
    <Filter Include="#Level\Level">
      <UniqueIdentifier>{255aa623-1ec4-48fd-a617-f81783190c77}</UniqueIdentifier>
    </Filter>
    <Filter Include="#Level\Level_Data">
      <UniqueIdentifier>{47ccee6d-40a2-408e-8af3-b1a11bcd5e34}</UniqueIdentifier>
    </Filter>
    <Filter Include="#Level\Level_Title">
      <UniqueIdentifier>{755077bd-3ac9-49c2-9756-6f4798682e1d}</UniqueIdentifier>
    </Filter>
  </ItemGroup>
  <ItemGroup>
    <ClInclude Include="framework.h">
      <Filter>Header Files</Filter>
    </ClInclude>
    <ClInclude Include="targetver.h">
      <Filter>Header Files</Filter>
    </ClInclude>
    <ClInclude Include="Resource.h">
      <Filter>Header Files</Filter>
    </ClInclude>
    <ClInclude Include="Main.h">
      <Filter>Main</Filter>
    </ClInclude>
    <ClInclude Include="Engine.h">
      <Filter>Engine</Filter>
    </ClInclude>
    <ClInclude Include="Border.h">
      <Filter>#Border\Border</Filter>
    </ClInclude>
    <ClInclude Include="Level.h">
      <Filter>#Level\Level</Filter>
    </ClInclude>
    <ClInclude Include="Config.h">
      <Filter>#Tools\Config</Filter>
    </ClInclude>
    <ClInclude Include="Ball.h">
      <Filter>#Ball\Ball</Filter>
    </ClInclude>
    <ClInclude Include="Platform.h">
      <Filter>#Platform\Platform</Filter>
    </ClInclude>
    <ClInclude Include="Active_Brick.h">
      <Filter>#Screen\Active_Brick</Filter>
    </ClInclude>
    <ClInclude Include="Falling_Letter.h">
      <Filter>#Screen\Falling_Letter</Filter>
    </ClInclude>
    <ClInclude Include="Ball_Set.h">
      <Filter>#Ball\Ball_Set</Filter>
    </ClInclude>
    <ClInclude Include="Laser_Beam.h">
      <Filter>#Laser_Beam\Laser_Beam</Filter>
    </ClInclude>
    <ClInclude Include="Common.h">
      <Filter>#Tools\Common</Filter>
    </ClInclude>
    <ClInclude Include="Laser_Beam_Set.h">
      <Filter>#Laser_Beam\Laser_Beam_Set</Filter>
    </ClInclude>
    <ClInclude Include="Platform_State.h">
      <Filter>#Platform\Platform_State</Filter>
    </ClInclude>
    <ClInclude Include="Platform_Glue.h">
      <Filter>#Platform\Platform_Glue</Filter>
    </ClInclude>
    <ClInclude Include="Platform_Expanding.h">
      <Filter>#Platform\Platform_Expanding</Filter>
    </ClInclude>
    <ClInclude Include="Platform_Laser.h">
      <Filter>#Platform\Platform_Laser</Filter>
    </ClInclude>
    <ClInclude Include="Gate.h">
      <Filter>#Border\Gate</Filter>
    </ClInclude>
    <ClInclude Include="Monster_Set.h">
      <Filter>#Monster\Monster_Set</Filter>
    </ClInclude>
    <ClInclude Include="Explosive_Ball.h">
      <Filter>#Monster\Explosive_Ball</Filter>
    </ClInclude>
    <ClInclude Include="Monster.h">
      <Filter>#Monster\Monster</Filter>
    </ClInclude>
    <ClInclude Include="Info_Panel.h">
      <Filter>#Screen\Info_Panel</Filter>
    </ClInclude>
    <ClInclude Include="Indicator.h">
      <Filter>#Screen\Indicator</Filter>
    </ClInclude>
    <ClInclude Include="Level_Data.h">
      <Filter>#Level\Level_Data</Filter>
    </ClInclude>
    <ClInclude Include="Mop.h">
      <Filter>#Mop\Mop</Filter>
    </ClInclude>
    <ClInclude Include="Mop_Indicator.h">
      <Filter>#Mop\Mop_Indicator</Filter>
    </ClInclude>
    <ClInclude Include="Mop_Cylinder.h">
      <Filter>#Mop\Mop_Cylinder</Filter>
    </ClInclude>
    <ClInclude Include="Explosion.h">
      <Filter>#Monster\Explosion</Filter>
    </ClInclude>
    <ClInclude Include="Level_Title.h">
      <Filter>#Level\Level_Title</Filter>
    </ClInclude>
    <ClInclude Include="Label.h">
      <Filter>#Screen\Label</Filter>
    </ClInclude>
    <ClInclude Include="Final_Letter.h">
      <Filter>#Screen\Final_Letter</Filter>
    </ClInclude>
    <ClInclude Include="Game_Title.h">
      <Filter>#Screen\Game_Title</Filter>
    </ClInclude>
  </ItemGroup>
  <ItemGroup>
    <ResourceCompile Include="Popcorn.rc">
      <Filter>Resource Files</Filter>
    </ResourceCompile>
  </ItemGroup>
  <ItemGroup>
    <Image Include="small.ico">
      <Filter>Resource Files</Filter>
    </Image>
    <Image Include="Popcorn.ico">
      <Filter>Resource Files</Filter>
    </Image>
  </ItemGroup>
  <ItemGroup>
    <ClCompile Include="Main.cpp">
      <Filter>Main</Filter>
    </ClCompile>
    <ClCompile Include="Engine.cpp">
      <Filter>Engine</Filter>
    </ClCompile>
    <ClCompile Include="Border.cpp">
      <Filter>#Border\Border</Filter>
    </ClCompile>
    <ClCompile Include="Level.cpp">
      <Filter>#Level\Level</Filter>
    </ClCompile>
    <ClCompile Include="Config.cpp">
      <Filter>#Tools\Config</Filter>
    </ClCompile>
    <ClCompile Include="Ball.cpp">
      <Filter>#Ball\Ball</Filter>
    </ClCompile>
    <ClCompile Include="Platform.cpp">
      <Filter>#Platform\Platform</Filter>
    </ClCompile>
    <ClCompile Include="Active_Brick.cpp">
      <Filter>#Screen\Active_Brick</Filter>
    </ClCompile>
    <ClCompile Include="Falling_Letter.cpp">
      <Filter>#Screen\Falling_Letter</Filter>
    </ClCompile>
    <ClCompile Include="Ball_Set.cpp">
      <Filter>#Ball\Ball_Set</Filter>
    </ClCompile>
    <ClCompile Include="Laser_Beam.cpp">
      <Filter>#Laser_Beam\Laser_Beam</Filter>
    </ClCompile>
    <ClCompile Include="Common.cpp">
      <Filter>#Tools\Common</Filter>
    </ClCompile>
    <ClCompile Include="Laser_Beam_Set.cpp">
      <Filter>#Laser_Beam\Laser_Beam_Set</Filter>
    </ClCompile>
    <ClCompile Include="Platform_State.cpp">
      <Filter>#Platform\Platform_State</Filter>
    </ClCompile>
    <ClCompile Include="Platform_Glue.cpp">
      <Filter>#Platform\Platform_Glue</Filter>
    </ClCompile>
    <ClCompile Include="Platform_Expanding.cpp">
      <Filter>#Platform\Platform_Expanding</Filter>
    </ClCompile>
    <ClCompile Include="Platform_Laser.cpp">
      <Filter>#Platform\Platform_Laser</Filter>
    </ClCompile>
    <ClCompile Include="Gate.cpp">
      <Filter>#Border\Gate</Filter>
    </ClCompile>
    <ClCompile Include="Monster_Set.cpp">
      <Filter>#Monster\Monster_Set</Filter>
    </ClCompile>
    <ClCompile Include="Explosive_Ball.cpp">
      <Filter>#Monster\Explosive_Ball</Filter>
    </ClCompile>
    <ClCompile Include="Monster.cpp">
      <Filter>#Monster\Monster</Filter>
    </ClCompile>
    <ClCompile Include="Info_Panel.cpp">
      <Filter>#Screen\Info_Panel</Filter>
    </ClCompile>
    <ClCompile Include="Indicator.cpp">
      <Filter>#Screen\Indicator</Filter>
    </ClCompile>
    <ClCompile Include="Level_Data.cpp">
      <Filter>#Level\Level_Data</Filter>
    </ClCompile>
    <ClCompile Include="Mop.cpp">
      <Filter>#Mop\Mop</Filter>
    </ClCompile>
    <ClCompile Include="Mop_Indicator.cpp">
      <Filter>#Mop\Mop_Indicator</Filter>
    </ClCompile>
    <ClCompile Include="Mop_Cylinder.cpp">
      <Filter>#Mop\Mop_Cylinder</Filter>
    </ClCompile>
    <ClCompile Include="Explosion.cpp">
      <Filter>#Monster\Explosion</Filter>
    </ClCompile>
    <ClCompile Include="Level_Title.cpp">
      <Filter>#Level\Level_Title</Filter>
    </ClCompile>
    <ClCompile Include="Label.cpp">
      <Filter>#Screen\Label</Filter>
    </ClCompile>
    <ClCompile Include="Game_Title.cpp">
      <Filter>#Screen\Game_Title</Filter>
    </ClCompile>
    <ClCompile Include="Final_Letter.cpp">
      <Filter>#Screen\Final_Letter</Filter>
    </ClCompile>
  </ItemGroup>
</Project>